
Microsoft Visual Studio Solution File, Format Version 12.00
# Visual Studio Version 17
VisualStudioVersion = 17.9.34902.65
MinimumVisualStudioVersion = 10.0.40219.1
Project("{FAE04EC0-301F-11D3-BF4B-00C04F79EFBC}") = "Portfolio", "Portfolio\Portfolio.csproj", "{F33BF65C-C061-4D7D-ADFF-E2CCA43E4A42}"
EndProject
Global
	GlobalSection(SolutionConfigurationPlatforms) = preSolution
		Debug|Any CPU = Debug|Any CPU
		Release|Any CPU = Release|Any CPU
	EndGlobalSection
	GlobalSection(ProjectConfigurationPlatforms) = postSolution
		{F33BF65C-C061-4D7D-ADFF-E2CCA43E4A42}.Debug|Any CPU.ActiveCfg = Debug|Any CPU
		{F33BF65C-C061-4D7D-ADFF-E2CCA43E4A42}.Debug|Any CPU.Build.0 = Debug|Any CPU
		{F33BF65C-C061-4D7D-ADFF-E2CCA43E4A42}.Release|Any CPU.ActiveCfg = Release|Any CPU
		{F33BF65C-C061-4D7D-ADFF-E2CCA43E4A42}.Release|Any CPU.Build.0 = Release|Any CPU
	EndGlobalSection
	GlobalSection(SolutionProperties) = preSolution
		HideSolutionNode = FALSE
	EndGlobalSection
	GlobalSection(ExtensibilityGlobals) = postSolution
		SolutionGuid = {702BD029-113D-458B-9FAC-016448CBC09F}
	EndGlobalSection
EndGlobal
